
Microsoft Visual Studio Solution File, Format Version 12.00
# Visual Studio Version 16
VisualStudioVersion = 16.0.29609.76
MinimumVisualStudioVersion = 10.0.40219.1
Project("{FAE04EC0-301F-11D3-BF4B-00C04F79EFBC}") = "EnhancedVehicleActions2", "EnhancedVehicleActions2\EnhancedVehicleActions2.csproj", "{FFFD9F5E-662F-46C0-9DEB-47AAF80FFA07}"
EndProject
Global
	GlobalSection(SolutionConfigurationPlatforms) = preSolution
		Debug|Any CPU = Debug|Any CPU
		Debug|x64 = Debug|x64
		Debug|x86 = Debug|x86
		Release|Any CPU = Release|Any CPU
		Release|x64 = Release|x64
		Release|x86 = Release|x86
	EndGlobalSection
	GlobalSection(ProjectConfigurationPlatforms) = postSolution
		{FFFD9F5E-662F-46C0-9DEB-47AAF80FFA07}.Debug|Any CPU.ActiveCfg = Debug|Any CPU
		{FFFD9F5E-662F-46C0-9DEB-47AAF80FFA07}.Debug|Any CPU.Build.0 = Debug|Any CPU
		{FFFD9F5E-662F-46C0-9DEB-47AAF80FFA07}.Debug|x64.ActiveCfg = Debug|x64
		{FFFD9F5E-662F-46C0-9DEB-47AAF80FFA07}.Debug|x64.Build.0 = Debug|x64
		{FFFD9F5E-662F-46C0-9DEB-47AAF80FFA07}.Debug|x86.ActiveCfg = Debug|Any CPU
		{FFFD9F5E-662F-46C0-9DEB-47AAF80FFA07}.Debug|x86.Build.0 = Debug|Any CPU
		{FFFD9F5E-662F-46C0-9DEB-47AAF80FFA07}.Release|Any CPU.ActiveCfg = Release|Any CPU
		{FFFD9F5E-662F-46C0-9DEB-47AAF80FFA07}.Release|Any CPU.Build.0 = Release|Any CPU
		{FFFD9F5E-662F-46C0-9DEB-47AAF80FFA07}.Release|x64.ActiveCfg = Release|x64
		{FFFD9F5E-662F-46C0-9DEB-47AAF80FFA07}.Release|x64.Build.0 = Release|x64
		{FFFD9F5E-662F-46C0-9DEB-47AAF80FFA07}.Release|x86.ActiveCfg = Release|Any CPU
		{FFFD9F5E-662F-46C0-9DEB-47AAF80FFA07}.Release|x86.Build.0 = Release|Any CPU
	EndGlobalSection
	GlobalSection(SolutionProperties) = preSolution
		HideSolutionNode = FALSE
	EndGlobalSection
	GlobalSection(ExtensibilityGlobals) = postSolution
		SolutionGuid = {9948DB7B-82D2-487E-9AC1-5186ABB9DBED}
	EndGlobalSection
EndGlobal
